hash: 8f5eeca21d15f3b3cc8c11435b905962f756e5d06eadba1e8e42e3d5b9222af3
updated: 2017-10-12T11:56:36.941972043-04:00
imports:
- name: github.com/gorilla/context
  version: 08b5f424b9271eedf6f9f0ce86cb9396ed337a42
- name: github.com/gorilla/mux
  version: 24fca303ac6da784b9e8269f724ddeb0b2eea5e7
- name: github.com/lib/pq
  version: 8837942c3e09574accbc5f150e2c5e057189cace
  subpackages:
  - oid
- name: github.com/NYTimes/gziphandler
  version: 56545f4a5d46df9a6648819d1664c3a03a13ffdb
- name: github.com/pressly/goose
  version: 056a4d47dcc4d67fa3947a4f13945a5c690e568b
- name: github.com/satori/go.uuid
  version: 879c5887cd475cd7864858769793b2ceb0d44feb
- name: gopkg.in/urfave/cli.v1
  version: cfb38830724cc34fedffe9a2a29fb54fa9169cd1
testImports: []
